// !$*UTF8*$!
{
	archiveVersion = 1;
	classes = {
	};
	objectVersion = 56;
	objects = {

/* Begin PBXBuildFile section */
		2D4ACE200F008A85F891AFB7 /* Pods_NYCSchool.framework in Frameworks */ = {isa = PBXBuildFile; fileRef = 21693E290821C6CDAE4845A9 /* Pods_NYCSchool.framework */; };
		38DF03F50E7320C52FDB8340 /* Pods_NYCSchool_NYCSchoolUITests.framework in Frameworks */ = {isa = PBXBuildFile; fileRef = B52943A14801253FD1E1863B /* Pods_NYCSchool_NYCSchoolUITests.framework */; };
		4315E34A28F05DE000207EF7 /* MockSchoolAPI.swift in Sources */ = {isa = PBXBuildFile; fileRef = 4315E34928F05DE000207EF7 /* MockSchoolAPI.swift */; };
		4315E34C28F05E8200207EF7 /* SchoolListLoadState.swift in Sources */ = {isa = PBXBuildFile; fileRef = 4315E34B28F05E8200207EF7 /* SchoolListLoadState.swift */; };
		43A1FAE828EDBC77004353F1 /* AppDelegate.swift in Sources */ = {isa = PBXBuildFile; fileRef = 43A1FAE728EDBC77004353F1 /* AppDelegate.swift */; };
		43A1FAEA28EDBC77004353F1 /* SceneDelegate.swift in Sources */ = {isa = PBXBuildFile; fileRef = 43A1FAE928EDBC77004353F1 /* SceneDelegate.swift */; };
		43A1FAEC28EDBC77004353F1 /* ViewController.swift in Sources */ = {isa = PBXBuildFile; fileRef = 43A1FAEB28EDBC77004353F1 /* ViewController.swift */; };
		43A1FAEF28EDBC77004353F1 /* Main.storyboard in Resources */ = {isa = PBXBuildFile; fileRef = 43A1FAED28EDBC77004353F1 /* Main.storyboard */; };
		43A1FAF128EDBC79004353F1 /* Assets.xcassets in Resources */ = {isa = PBXBuildFile; fileRef = 43A1FAF028EDBC79004353F1 /* Assets.xcassets */; };
		43A1FAF428EDBC79004353F1 /* LaunchScreen.storyboard in Resources */ = {isa = PBXBuildFile; fileRef = 43A1FAF228EDBC79004353F1 /* LaunchScreen.storyboard */; };
		43A1FAFF28EDBC7A004353F1 /* NYCSchoolTests.swift in Sources */ = {isa = PBXBuildFile; fileRef = 43A1FAFE28EDBC7A004353F1 /* NYCSchoolTests.swift */; };
		43A1FB0928EDBC7A004353F1 /* NYCSchoolUITests.swift in Sources */ = {isa = PBXBuildFile; fileRef = 43A1FB0828EDBC7A004353F1 /* NYCSchoolUITests.swift */; };
		43A1FB0B28EDBC7A004353F1 /* NYCSchoolUITestsLaunchTests.swift in Sources */ = {isa = PBXBuildFile; fileRef = 43A1FB0A28EDBC7A004353F1 /* NYCSchoolUITestsLaunchTests.swift */; };
		43A1FB2228EDC463004353F1 /* SchoolDirectoryAPI.swift in Sources */ = {isa = PBXBuildFile; fileRef = 43A1FB2128EDC463004353F1 /* SchoolDirectoryAPI.swift */; };
		43A1FB2528EDC577004353F1 /* Constants.swift in Sources */ = {isa = PBXBuildFile; fileRef = 43A1FB2428EDC577004353F1 /* Constants.swift */; };
		43A1FB2728EDC794004353F1 /* DataError.swift in Sources */ = {isa = PBXBuildFile; fileRef = 43A1FB2628EDC794004353F1 /* DataError.swift */; };
		43A1FB2A28EDC827004353F1 /* School.swift in Sources */ = {isa = PBXBuildFile; fileRef = 43A1FB2928EDC827004353F1 /* School.swift */; };
		5FB8F720BF41B4886F0C6884 /* Pods_NYCSchoolTests.framework in Frameworks */ = {isa = PBXBuildFile; fileRef = F20929200AAF8895B54CD645 /* Pods_NYCSchoolTests.framework */; };
/* End PBXBuildFile section */

/* Begin PBXContainerItemProxy section */
		43A1FAFB28EDBC7A004353F1 /* PBXContainerItemProxy */ = {
			isa = PBXContainerItemProxy;
			containerPortal = 43A1FADC28EDBC77004353F1 /* Project object */;
			proxyType = 1;
			remoteGlobalIDString = 43A1FAE328EDBC77004353F1;
			remoteInfo = NYCSchool;
		};
		43A1FB0528EDBC7A004353F1 /* PBXContainerItemProxy */ = {
			isa = PBXContainerItemProxy;
			containerPortal = 43A1FADC28EDBC77004353F1 /* Project object */;
			proxyType = 1;
			remoteGlobalIDString = 43A1FAE328EDBC77004353F1;
			remoteInfo = NYCSchool;
		};
/* End PBXContainerItemProxy section */

/* Begin PBXFileReference section */
		21693E290821C6CDAE4845A9 /* Pods_NYCSchool.framework */ = {isa = PBXFileReference; explicitFileType = wrapper.framework; includeInIndex = 0; path = Pods_NYCSchool.framework; sourceTree = BUILT_PRODUCTS_DIR; };
		22EB2A405DE169AE5A74B735 /* Pods-NYCSchoolTests.debug.xcconfig */ = {isa = PBXFileReference; includeInIndex = 1; lastKnownFileType = text.xcconfig; name = "Pods-NYCSchoolTests.debug.xcconfig"; path = "Target Support Files/Pods-NYCSchoolTests/Pods-NYCSchoolTests.debug.xcconfig"; sourceTree = "<group>"; };
		42D2FF32DD03FFE4F3612744 /* Pods-NYCSchoolTests.release.xcconfig */ = {isa = PBXFileReference; includeInIndex = 1; lastKnownFileType = text.xcconfig; name = "Pods-NYCSchoolTests.release.xcconfig"; path = "Target Support Files/Pods-NYCSchoolTests/Pods-NYCSchoolTests.release.xcconfig"; sourceTree = "<group>"; };
		4315E34928F05DE000207EF7 /* MockSchoolAPI.swift */ = {isa = PBXFileReference; lastKnownFileType = sourcecode.swift; path = MockSchoolAPI.swift; sourceTree = "<group>"; };
		4315E34B28F05E8200207EF7 /* SchoolListLoadState.swift */ = {isa = PBXFileReference; lastKnownFileType = sourcecode.swift; path = SchoolListLoadState.swift; sourceTree = "<group>"; };
		43A1FAE428EDBC77004353F1 /* NYCSchool.app */ = {isa = PBXFileReference; explicitFileType = wrapper.application; includeInIndex = 0; path = NYCSchool.app; sourceTree = BUILT_PRODUCTS_DIR; };
		43A1FAE728EDBC77004353F1 /* AppDelegate.swift */ = {isa = PBXFileReference; lastKnownFileType = sourcecode.swift; path = AppDelegate.swift; sourceTree = "<group>"; };
		43A1FAE928EDBC77004353F1 /* SceneDelegate.swift */ = {isa = PBXFileReference; lastKnownFileType = sourcecode.swift; path = SceneDelegate.swift; sourceTree = "<group>"; };
		43A1FAEB28EDBC77004353F1 /* ViewController.swift */ = {isa = PBXFileReference; lastKnownFileType = sourcecode.swift; path = ViewController.swift; sourceTree = "<group>"; };
		43A1FAEE28EDBC77004353F1 /* Base */ = {isa = PBXFileReference; lastKnownFileType = file.storyboard; name = Base; path = Base.lproj/Main.storyboard; sourceTree = "<group>"; };
		43A1FAF028EDBC79004353F1 /* Assets.xcassets */ = {isa = PBXFileReference; lastKnownFileType = folder.assetcatalog; path = Assets.xcassets; sourceTree = "<group>"; };
		43A1FAF328EDBC79004353F1 /* Base */ = {isa = PBXFileReference; lastKnownFileType = file.storyboard; name = Base; path = Base.lproj/LaunchScreen.storyboard; sourceTree = "<group>"; };
		43A1FAF528EDBC79004353F1 /* Info.plist */ = {isa = PBXFileReference; lastKnownFileType = text.plist.xml; path = Info.plist; sourceTree = "<group>"; };
		43A1FAFA28EDBC7A004353F1 /* NYCSchoolTests.xctest */ = {isa = PBXFileReference; explicitFileType = wrapper.cfbundle; includeInIndex = 0; path = NYCSchoolTests.xctest; sourceTree = BUILT_PRODUCTS_DIR; };
		43A1FAFE28EDBC7A004353F1 /* NYCSchoolTests.swift */ = {isa = PBXFileReference; lastKnownFileType = sourcecode.swift; path = NYCSchoolTests.swift; sourceTree = "<group>"; };
		43A1FB0428EDBC7A004353F1 /* NYCSchoolUITests.xctest */ = {isa = PBXFileReference; explicitFileType = wrapper.cfbundle; includeInIndex = 0; path = NYCSchoolUITests.xctest; sourceTree = BUILT_PRODUCTS_DIR; };
		43A1FB0828EDBC7A004353F1 /* NYCSchoolUITests.swift */ = {isa = PBXFileReference; lastKnownFileType = sourcecode.swift; path = NYCSchoolUITests.swift; sourceTree = "<group>"; };
		43A1FB0A28EDBC7A004353F1 /* NYCSchoolUITestsLaunchTests.swift */ = {isa = PBXFileReference; lastKnownFileType = sourcecode.swift; path = NYCSchoolUITestsLaunchTests.swift; sourceTree = "<group>"; };
		43A1FB2128EDC463004353F1 /* SchoolDirectoryAPI.swift */ = {isa = PBXFileReference; lastKnownFileType = sourcecode.swift; path = SchoolDirectoryAPI.swift; sourceTree = "<group>"; };
		43A1FB2428EDC577004353F1 /* Constants.swift */ = {isa = PBXFileReference; lastKnownFileType = sourcecode.swift; path = Constants.swift; sourceTree = "<group>"; };
		43A1FB2628EDC794004353F1 /* DataError.swift */ = {isa = PBXFileReference; lastKnownFileType = sourcecode.swift; path = DataError.swift; sourceTree = "<group>"; };
		43A1FB2928EDC827004353F1 /* School.swift */ = {isa = PBXFileReference; lastKnownFileType = sourcecode.swift; path = School.swift; sourceTree = "<group>"; };
		93FA0D4A33AFCDC75C99EDA7 /* Pods-NYCSchool-NYCSchoolUITests.release.xcconfig */ = {isa = PBXFileReference; includeInIndex = 1; lastKnownFileType = text.xcconfig; name = "Pods-NYCSchool-NYCSchoolUITests.release.xcconfig"; path = "Target Support Files/Pods-NYCSchool-NYCSchoolUITests/Pods-NYCSchool-NYCSchoolUITests.release.xcconfig"; sourceTree = "<group>"; };
		9B1CC2DDF87B5C3501838024 /* Pods-NYCSchool-NYCSchoolUITests.debug.xcconfig */ = {isa = PBXFileReference; includeInIndex = 1; lastKnownFileType = text.xcconfig; name = "Pods-NYCSchool-NYCSchoolUITests.debug.xcconfig"; path = "Target Support Files/Pods-NYCSchool-NYCSchoolUITests/Pods-NYCSchool-NYCSchoolUITests.debug.xcconfig"; sourceTree = "<group>"; };
		B52943A14801253FD1E1863B /* Pods_NYCSchool_NYCSchoolUITests.framework */ = {isa = PBXFileReference; explicitFileType = wrapper.framework; includeInIndex = 0; path = Pods_NYCSchool_NYCSchoolUITests.framework; sourceTree = BUILT_PRODUCTS_DIR; };
		B8701584DEEBEEC170FC888D /* Pods-NYCSchool.debug.xcconfig */ = {isa = PBXFileReference; includeInIndex = 1; lastKnownFileType = text.xcconfig; name = "Pods-NYCSchool.debug.xcconfig"; path = "Target Support Files/Pods-NYCSchool/Pods-NYCSchool.debug.xcconfig"; sourceTree = "<group>"; };
		C92AC1CA0BE2AD24F6011B45 /* Pods-NYCSchool.release.xcconfig */ = {isa = PBXFileReference; includeInIndex = 1; lastKnownFileType = text.xcconfig; name = "Pods-NYCSchool.release.xcconfig"; path = "Target Support Files/Pods-NYCSchool/Pods-NYCSchool.release.xcconfig"; sourceTree = "<group>"; };
		F20929200AAF8895B54CD645 /* Pods_NYCSchoolTests.framework */ = {isa = PBXFileReference; explicitFileType = wrapper.framework; includeInIndex = 0; path = Pods_NYCSchoolTests.framework; sourceTree = BUILT_PRODUCTS_DIR; };
/* End PBXFileReference section */

/* Begin PBXFrameworksBuildPhase section */
		43A1FAE128EDBC77004353F1 /* Frameworks */ = {
			isa = PBXFrameworksBuildPhase;
			buildActionMask = 2147483647;
			files = (
				2D4ACE200F008A85F891AFB7 /* Pods_NYCSchool.framework in Frameworks */,
			);
			runOnlyForDeploymentPostprocessing = 0;
		};
		43A1FAF728EDBC7A004353F1 /* Frameworks */ = {
			isa = PBXFrameworksBuildPhase;
			buildActionMask = 2147483647;
			files = (
				5FB8F720BF41B4886F0C6884 /* Pods_NYCSchoolTests.framework in Frameworks */,
			);
			runOnlyForDeploymentPostprocessing = 0;
		};
		43A1FB0128EDBC7A004353F1 /* Frameworks */ = {
			isa = PBXFrameworksBuildPhase;
			buildActionMask = 2147483647;
			files = (
				38DF03F50E7320C52FDB8340 /* Pods_NYCSchool_NYCSchoolUITests.framework in Frameworks */,
			);
			runOnlyForDeploymentPostprocessing = 0;
		};
/* End PBXFrameworksBuildPhase section */

/* Begin PBXGroup section */
		2BC3192111647E2707B1DE62 /* Pods */ = {
			isa = PBXGroup;
			children = (
				B8701584DEEBEEC170FC888D /* Pods-NYCSchool.debug.xcconfig */,
				C92AC1CA0BE2AD24F6011B45 /* Pods-NYCSchool.release.xcconfig */,
				9B1CC2DDF87B5C3501838024 /* Pods-NYCSchool-NYCSchoolUITests.debug.xcconfig */,
				93FA0D4A33AFCDC75C99EDA7 /* Pods-NYCSchool-NYCSchoolUITests.release.xcconfig */,
				22EB2A405DE169AE5A74B735 /* Pods-NYCSchoolTests.debug.xcconfig */,
				42D2FF32DD03FFE4F3612744 /* Pods-NYCSchoolTests.release.xcconfig */,
			);
			path = Pods;
			sourceTree = "<group>";
		};
		43A1FADB28EDBC77004353F1 = {
			isa = PBXGroup;
			children = (
				43A1FAE628EDBC77004353F1 /* NYCSchool */,
				43A1FAFD28EDBC7A004353F1 /* NYCSchoolTests */,
				43A1FB0728EDBC7A004353F1 /* NYCSchoolUITests */,
				43A1FAE528EDBC77004353F1 /* Products */,
				2BC3192111647E2707B1DE62 /* Pods */,
				5ABA1C702C56775281776E2F /* Frameworks */,
			);
			sourceTree = "<group>";
		};
		43A1FAE528EDBC77004353F1 /* Products */ = {
			isa = PBXGroup;
			children = (
				43A1FAE428EDBC77004353F1 /* NYCSchool.app */,
				43A1FAFA28EDBC7A004353F1 /* NYCSchoolTests.xctest */,
				43A1FB0428EDBC7A004353F1 /* NYCSchoolUITests.xctest */,
			);
			name = Products;
			sourceTree = "<group>";
		};
		43A1FAE628EDBC77004353F1 /* NYCSchool */ = {
			isa = PBXGroup;
			children = (
				43A1FB2328EDC569004353F1 /* Common */,
				43A1FB1928EDC213004353F1 /* App */,
				43A1FAE728EDBC77004353F1 /* AppDelegate.swift */,
				43A1FAE928EDBC77004353F1 /* SceneDelegate.swift */,
				43A1FAF028EDBC79004353F1 /* Assets.xcassets */,
				43A1FAF228EDBC79004353F1 /* LaunchScreen.storyboard */,
				43A1FAF528EDBC79004353F1 /* Info.plist */,
			);
			path = NYCSchool;
			sourceTree = "<group>";
		};
		43A1FAFD28EDBC7A004353F1 /* NYCSchoolTests */ = {
			isa = PBXGroup;
			children = (
				43A1FAFE28EDBC7A004353F1 /* NYCSchoolTests.swift */,
				4315E34928F05DE000207EF7 /* MockSchoolAPI.swift */,
			);
			path = NYCSchoolTests;
			sourceTree = "<group>";
		};
		43A1FB0728EDBC7A004353F1 /* NYCSchoolUITests */ = {
			isa = PBXGroup;
			children = (
				43A1FB0828EDBC7A004353F1 /* NYCSchoolUITests.swift */,
				43A1FB0A28EDBC7A004353F1 /* NYCSchoolUITestsLaunchTests.swift */,
			);
			path = NYCSchoolUITests;
			sourceTree = "<group>";
		};
		43A1FB1928EDC213004353F1 /* App */ = {
			isa = PBXGroup;
			children = (
				43A1FB1D28EDC2AF004353F1 /* UI Layer */,
				43A1FB1C28EDC24C004353F1 /* Data Layer */,
			);
			path = App;
			sourceTree = "<group>";
		};
		43A1FB1A28EDC219004353F1 /* Networking */ = {
			isa = PBXGroup;
			children = (
				43A1FB2128EDC463004353F1 /* SchoolDirectoryAPI.swift */,
				43A1FB2628EDC794004353F1 /* DataError.swift */,
			);
			path = Networking;
			sourceTree = "<group>";
		};
		43A1FB1C28EDC24C004353F1 /* Data Layer */ = {
			isa = PBXGroup;
			children = (
				43A1FB2828EDC817004353F1 /* Models */,
				43A1FB1A28EDC219004353F1 /* Networking */,
			);
			path = "Data Layer";
			sourceTree = "<group>";
		};
		43A1FB1D28EDC2AF004353F1 /* UI Layer */ = {
			isa = PBXGroup;
			children = (
				43A1FB2028EDC313004353F1 /* Storybaords */,
				43A1FB1F28EDC2E6004353F1 /* Views */,
				43A1FB1E28EDC2C0004353F1 /* View Controllers */,
			);
			path = "UI Layer";
			sourceTree = "<group>";
		};
		43A1FB1E28EDC2C0004353F1 /* View Controllers */ = {
			isa = PBXGroup;
			children = (
				43A1FAEB28EDBC77004353F1 /* ViewController.swift */,
			);
			path = "View Controllers";
			sourceTree = "<group>";
		};
		43A1FB1F28EDC2E6004353F1 /* Views */ = {
			isa = PBXGroup;
			children = (
			);
			path = Views;
			sourceTree = "<group>";
		};
		43A1FB2028EDC313004353F1 /* Storybaords */ = {
			isa = PBXGroup;
			children = (
				43A1FAED28EDBC77004353F1 /* Main.storyboard */,
			);
			path = Storybaords;
			sourceTree = "<group>";
		};
		43A1FB2328EDC569004353F1 /* Common */ = {
			isa = PBXGroup;
			children = (
				43A1FB2428EDC577004353F1 /* Constants.swift */,
			);
			path = Common;
			sourceTree = "<group>";
		};
		43A1FB2828EDC817004353F1 /* Models */ = {
			isa = PBXGroup;
			children = (
				43A1FB2928EDC827004353F1 /* School.swift */,
				4315E34B28F05E8200207EF7 /* SchoolListLoadState.swift */,
			);
			path = Models;
			sourceTree = "<group>";
		};
		5ABA1C702C56775281776E2F /* Frameworks */ = {
			isa = PBXGroup;
			children = (
				21693E290821C6CDAE4845A9 /* Pods_NYCSchool.framework */,
				B52943A14801253FD1E1863B /* Pods_NYCSchool_NYCSchoolUITests.framework */,
				F20929200AAF8895B54CD645 /* Pods_NYCSchoolTests.framework */,
			);
			name = Frameworks;
			sourceTree = "<group>";
		};
/* End PBXGroup section */

/* Begin PBXNativeTarget section */
		43A1FAE328EDBC77004353F1 /* NYCSchool */ = {
			isa = PBXNativeTarget;
			buildConfigurationList = 43A1FB0E28EDBC7A004353F1 /* Build configuration list for PBXNativeTarget "NYCSchool" */;
			buildPhases = (
				E8AA77708BDCE59517E213A3 /* [CP] Check Pods Manifest.lock */,
				43A1FAE028EDBC77004353F1 /* Sources */,
				43A1FAE128EDBC77004353F1 /* Frameworks */,
				43A1FAE228EDBC77004353F1 /* Resources */,
				F96740842738CC0176A6592F /* [CP] Embed Pods Frameworks */,
			);
			buildRules = (
			);
			dependencies = (
			);
			name = NYCSchool;
			productName = NYCSchool;
			productReference = 43A1FAE428EDBC77004353F1 /* NYCSchool.app */;
			productType = "com.apple.product-type.application";
		};
		43A1FAF928EDBC7A004353F1 /* NYCSchoolTests */ = {
			isa = PBXNativeTarget;
			buildConfigurationList = 43A1FB1128EDBC7A004353F1 /* Build configuration list for PBXNativeTarget "NYCSchoolTests" */;
			buildPhases = (
				965992387828032AA9756CA2 /* [CP] Check Pods Manifest.lock */,
				43A1FAF628EDBC7A004353F1 /* Sources */,
				43A1FAF728EDBC7A004353F1 /* Frameworks */,
				43A1FAF828EDBC7A004353F1 /* Resources */,
			);
			buildRules = (
			);
			dependencies = (
				43A1FAFC28EDBC7A004353F1 /* PBXTargetDependency */,
			);
			name = NYCSchoolTests;
			productName = NYCSchoolTests;
			productReference = 43A1FAFA28EDBC7A004353F1 /* NYCSchoolTests.xctest */;
			productType = "com.apple.product-type.bundle.unit-test";
		};
		43A1FB0328EDBC7A004353F1 /* NYCSchoolUITests */ = {
			isa = PBXNativeTarget;
			buildConfigurationList = 43A1FB1428EDBC7A004353F1 /* Build configuration list for PBXNativeTarget "NYCSchoolUITests" */;
			buildPhases = (
				3E7545D03F131304F07DA672 /* [CP] Check Pods Manifest.lock */,
				43A1FB0028EDBC7A004353F1 /* Sources */,
				43A1FB0128EDBC7A004353F1 /* Frameworks */,
				43A1FB0228EDBC7A004353F1 /* Resources */,
				29B9D73054A6612943CFB054 /* [CP] Embed Pods Frameworks */,
			);
			buildRules = (
			);
			dependencies = (
				43A1FB0628EDBC7A004353F1 /* PBXTargetDependency */,
			);
			name = NYCSchoolUITests;
			productName = NYCSchoolUITests;
			productReference = 43A1FB0428EDBC7A004353F1 /* NYCSchoolUITests.xctest */;
			productType = "com.apple.product-type.bundle.ui-testing";
		};
/* End PBXNativeTarget section */

/* Begin PBXProject section */
		43A1FADC28EDBC77004353F1 /* Project object */ = {
			isa = PBXProject;
			attributes = {
				BuildIndependentTargetsInParallel = 1;
				LastSwiftUpdateCheck = 1400;
				LastUpgradeCheck = 1400;
				TargetAttributes = {
					43A1FAE328EDBC77004353F1 = {
						CreatedOnToolsVersion = 14.0;
					};
					43A1FAF928EDBC7A004353F1 = {
						CreatedOnToolsVersion = 14.0;
						TestTargetID = 43A1FAE328EDBC77004353F1;
					};
					43A1FB0328EDBC7A004353F1 = {
						CreatedOnToolsVersion = 14.0;
						TestTargetID = 43A1FAE328EDBC77004353F1;
					};
				};
			};
			buildConfigurationList = 43A1FADF28EDBC77004353F1 /* Build configuration list for PBXProject "NYCSchool" */;
			compatibilityVersion = "Xcode 14.0";
			developmentRegion = en;
			hasScannedForEncodings = 0;
			knownRegions = (
				en,
				Base,
			);
			mainGroup = 43A1FADB28EDBC77004353F1;
			productRefGroup = 43A1FAE528EDBC77004353F1 /* Products */;
			projectDirPath = "";
			projectRoot = "";
			targets = (
				43A1FAE328EDBC77004353F1 /* NYCSchool */,
				43A1FAF928EDBC7A004353F1 /* NYCSchoolTests */,
				43A1FB0328EDBC7A004353F1 /* NYCSchoolUITests */,
			);
		};
/* End PBXProject section */

/* Begin PBXResourcesBuildPhase section */
		43A1FAE228EDBC77004353F1 /* Resources */ = {
			isa = PBXResourcesBuildPhase;
			buildActionMask = 2147483647;
			files = (
				43A1FAF428EDBC79004353F1 /* LaunchScreen.storyboard in Resources */,
				43A1FAF128EDBC79004353F1 /* Assets.xcassets in Resources */,
				43A1FAEF28EDBC77004353F1 /* Main.storyboard in Resources */,
			);
			runOnlyForDeploymentPostprocessing = 0;
		};
		43A1FAF828EDBC7A004353F1 /* Resources */ = {
			isa = PBXResourcesBuildPhase;
			buildActionMask = 2147483647;
			files = (
			);
			runOnlyForDeploymentPostprocessing = 0;
		};
		43A1FB0228EDBC7A004353F1 /* Resources */ = {
			isa = PBXResourcesBuildPhase;
			buildActionMask = 2147483647;
			files = (
			);
			runOnlyForDeploymentPostprocessing = 0;
		};
/* End PBXResourcesBuildPhase section */

/* Begin PBXShellScriptBuildPhase section */
		29B9D73054A6612943CFB054 /* [CP] Embed Pods Frameworks */ = {
			isa = PBXShellScriptBuildPhase;
			buildActionMask = 2147483647;
			files = (
			);
			inputFileListPaths = (
				"${PODS_ROOT}/Target Support Files/Pods-NYCSchool-NYCSchoolUITests/Pods-NYCSchool-NYCSchoolUITests-frameworks-${CONFIGURATION}-input-files.xcfilelist",
			);
			name = "[CP] Embed Pods Frameworks";
			outputFileListPaths = (
				"${PODS_ROOT}/Target Support Files/Pods-NYCSchool-NYCSchoolUITests/Pods-NYCSchool-NYCSchoolUITests-frameworks-${CONFIGURATION}-output-files.xcfilelist",
			);
			runOnlyForDeploymentPostprocessing = 0;
			shellPath = /bin/sh;
			shellScript = "\"${PODS_ROOT}/Target Support Files/Pods-NYCSchool-NYCSchoolUITests/Pods-NYCSchool-NYCSchoolUITests-frameworks.sh\"\n";
			showEnvVarsInLog = 0;
		};
		3E7545D03F131304F07DA672 /* [CP] Check Pods Manifest.lock */ = {
			isa = PBXShellScriptBuildPhase;
			buildActionMask = 2147483647;
			files = (
			);
			inputFileListPaths = (
			);
			inputPaths = (
				"${PODS_PODFILE_DIR_PATH}/Podfile.lock",
				"${PODS_ROOT}/Manifest.lock",
			);
			name = "[CP] Check Pods Manifest.lock";
			outputFileListPaths = (
			);
			outputPaths = (
				"$(DERIVED_FILE_DIR)/Pods-NYCSchool-NYCSchoolUITests-checkManifestLockResult.txt",
			);
			runOnlyForDeploymentPostprocessing = 0;
			shellPath = /bin/sh;
			shellScript = "diff \"${PODS_PODFILE_DIR_PATH}/Podfile.lock\" \"${PODS_ROOT}/Manifest.lock\" > /dev/null\nif [ $? != 0 ] ; then\n    # print error to STDERR\n    echo \"error: The sandbox is not in sync with the Podfile.lock. Run 'pod install' or update your CocoaPods installation.\" >&2\n    exit 1\nfi\n# This output is used by Xcode 'outputs' to avoid re-running this script phase.\necho \"SUCCESS\" > \"${SCRIPT_OUTPUT_FILE_0}\"\n";
			showEnvVarsInLog = 0;
		};
		965992387828032AA9756CA2 /* [CP] Check Pods Manifest.lock */ = {
			isa = PBXShellScriptBuildPhase;
			buildActionMask = 2147483647;
			files = (
			);
			inputFileListPaths = (
			);
			inputPaths = (
				"${PODS_PODFILE_DIR_PATH}/Podfile.lock",
				"${PODS_ROOT}/Manifest.lock",
			);
			name = "[CP] Check Pods Manifest.lock";
			outputFileListPaths = (
			);
			outputPaths = (
				"$(DERIVED_FILE_DIR)/Pods-NYCSchoolTests-checkManifestLockResult.txt",
			);
			runOnlyForDeploymentPostprocessing = 0;
			shellPath = /bin/sh;
			shellScript = "diff \"${PODS_PODFILE_DIR_PATH}/Podfile.lock\" \"${PODS_ROOT}/Manifest.lock\" > /dev/null\nif [ $? != 0 ] ; then\n    # print error to STDERR\n    echo \"error: The sandbox is not in sync with the Podfile.lock. Run 'pod install' or update your CocoaPods installation.\" >&2\n    exit 1\nfi\n# This output is used by Xcode 'outputs' to avoid re-running this script phase.\necho \"SUCCESS\" > \"${SCRIPT_OUTPUT_FILE_0}\"\n";
			showEnvVarsInLog = 0;
		};
		E8AA77708BDCE59517E213A3 /* [CP] Check Pods Manifest.lock */ = {
			isa = PBXShellScriptBuildPhase;
			buildActionMask = 2147483647;
			files = (
			);
			inputFileListPaths = (
			);
			inputPaths = (
				"${PODS_PODFILE_DIR_PATH}/Podfile.lock",
				"${PODS_ROOT}/Manifest.lock",
			);
			name = "[CP] Check Pods Manifest.lock";
			outputFileListPaths = (
			);
			outputPaths = (
				"$(DERIVED_FILE_DIR)/Pods-NYCSchool-checkManifestLockResult.txt",
			);
			runOnlyForDeploymentPostprocessing = 0;
			shellPath = /bin/sh;
			shellScript = "diff \"${PODS_PODFILE_DIR_PATH}/Podfile.lock\" \"${PODS_ROOT}/Manifest.lock\" > /dev/null\nif [ $? != 0 ] ; then\n    # print error to STDERR\n    echo \"error: The sandbox is not in sync with the Podfile.lock. Run 'pod install' or update your CocoaPods installation.\" >&2\n    exit 1\nfi\n# This output is used by Xcode 'outputs' to avoid re-running this script phase.\necho \"SUCCESS\" > \"${SCRIPT_OUTPUT_FILE_0}\"\n";
			showEnvVarsInLog = 0;
		};
		F96740842738CC0176A6592F /* [CP] Embed Pods Frameworks */ = {
			isa = PBXShellScriptBuildPhase;
			buildActionMask = 2147483647;
			files = (
			);
			inputFileListPaths = (
				"${PODS_ROOT}/Target Support Files/Pods-NYCSchool/Pods-NYCSchool-frameworks-${CONFIGURATION}-input-files.xcfilelist",
			);
			name = "[CP] Embed Pods Frameworks";
			outputFileListPaths = (
				"${PODS_ROOT}/Target Support Files/Pods-NYCSchool/Pods-NYCSchool-frameworks-${CONFIGURATION}-output-files.xcfilelist",
			);
			runOnlyForDeploymentPostprocessing = 0;
			shellPath = /bin/sh;
			shellScript = "\"${PODS_ROOT}/Target Support Files/Pods-NYCSchool/Pods-NYCSchool-frameworks.sh\"\n";
			showEnvVarsInLog = 0;
		};
/* End PBXShellScriptBuildPhase section */

/* Begin PBXSourcesBuildPhase section */
		43A1FAE028EDBC77004353F1 /* Sources */ = {
			isa = PBXSourcesBuildPhase;
			buildActionMask = 2147483647;
			files = (
				43A1FB2A28EDC827004353F1 /* School.swift in Sources */,
				4315E34C28F05E8200207EF7 /* SchoolListLoadState.swift in Sources */,
				43A1FB2728EDC794004353F1 /* DataError.swift in Sources */,
				43A1FB2528EDC577004353F1 /* Constants.swift in Sources */,
				43A1FAEC28EDBC77004353F1 /* ViewController.swift in Sources */,
				43A1FAE828EDBC77004353F1 /* AppDelegate.swift in Sources */,
				43A1FB2228EDC463004353F1 /* SchoolDirectoryAPI.swift in Sources */,
				43A1FAEA28EDBC77004353F1 /* SceneDelegate.swift in Sources */,
			);
			runOnlyForDeploymentPostprocessing = 0;
		};
		43A1FAF628EDBC7A004353F1 /* Sources */ = {
			isa = PBXSourcesBuildPhase;
			buildActionMask = 2147483647;
			files = (
				4315E34A28F05DE000207EF7 /* MockSchoolAPI.swift in Sources */,
				43A1FAFF28EDBC7A004353F1 /* NYCSchoolTests.swift in Sources */,
			);
			runOnlyForDeploymentPostprocessing = 0;
		};
		43A1FB0028EDBC7A004353F1 /* Sources */ = {
			isa = PBXSourcesBuildPhase;
			buildActionMask = 2147483647;
			files = (
				43A1FB0928EDBC7A004353F1 /* NYCSchoolUITests.swift in Sources */,
				43A1FB0B28EDBC7A004353F1 /* NYCSchoolUITestsLaunchTests.swift in Sources */,
			);
			runOnlyForDeploymentPostprocessing = 0;
		};
/* End PBXSourcesBuildPhase section */

/* Begin PBXTargetDependency section */
		43A1FAFC28EDBC7A004353F1 /* PBXTargetDependency */ = {
			isa = PBXTargetDependency;
			target = 43A1FAE328EDBC77004353F1 /* NYCSchool */;
			targetProxy = 43A1FAFB28EDBC7A004353F1 /* PBXContainerItemProxy */;
		};
		43A1FB0628EDBC7A004353F1 /* PBXTargetDependency */ = {
			isa = PBXTargetDependency;
			target = 43A1FAE328EDBC77004353F1 /* NYCSchool */;
			targetProxy = 43A1FB0528EDBC7A004353F1 /* PBXContainerItemProxy */;
		};
/* End PBXTargetDependency section */

/* Begin PBXVariantGroup section */
		43A1FAED28EDBC77004353F1 /* Main.storyboard */ = {
			isa = PBXVariantGroup;
			children = (
				43A1FAEE28EDBC77004353F1 /* Base */,
			);
			name = Main.storyboard;
			sourceTree = "<group>";
		};
		43A1FAF228EDBC79004353F1 /* LaunchScreen.storyboard */ = {
			isa = PBXVariantGroup;
			children = (
				43A1FAF328EDBC79004353F1 /* Base */,
			);
			name = LaunchScreen.storyboard;
			sourceTree = "<group>";
		};
/* End PBXVariantGroup section */

/* Begin XCBuildConfiguration section */
		43A1FB0C28EDBC7A004353F1 /* Debug */ = {
			isa = XCBuildConfiguration;
			buildSettings = {
				ALWAYS_SEARCH_USER_PATHS = NO;
				CLANG_ANALYZER_NONNULL = YES;
				CLANG_ANALYZER_NUMBER_OBJECT_CONVERSION = YES_AGGRESSIVE;
				CLANG_CXX_LANGUAGE_STANDARD = "gnu++20";
				CLANG_ENABLE_MODULES = YES;
				CLANG_ENABLE_OBJC_ARC = YES;
				CLANG_ENABLE_OBJC_WEAK = YES;
				CLANG_WARN_BLOCK_CAPTURE_AUTORELEASING = YES;
				CLANG_WARN_BOOL_CONVERSION = YES;
				CLANG_WARN_COMMA = YES;
				CLANG_WARN_CONSTANT_CONVERSION = YES;
				CLANG_WARN_DEPRECATED_OBJC_IMPLEMENTATIONS = YES;
				CLANG_WARN_DIRECT_OBJC_ISA_USAGE = YES_ERROR;
				CLANG_WARN_DOCUMENTATION_COMMENTS = YES;
				CLANG_WARN_EMPTY_BODY = YES;
				CLANG_WARN_ENUM_CONVERSION = YES;
				CLANG_WARN_INFINITE_RECURSION = YES;
				CLANG_WARN_INT_CONVERSION = YES;
				CLANG_WARN_NON_LITERAL_NULL_CONVERSION = YES;
				CLANG_WARN_OBJC_IMPLICIT_RETAIN_SELF = YES;
				CLANG_WARN_OBJC_LITERAL_CONVERSION = YES;
				CLANG_WARN_OBJC_ROOT_CLASS = YES_ERROR;
				CLANG_WARN_QUOTED_INCLUDE_IN_FRAMEWORK_HEADER = YES;
				CLANG_WARN_RANGE_LOOP_ANALYSIS = YES;
				CLANG_WARN_STRICT_PROTOTYPES = YES;
				CLANG_WARN_SUSPICIOUS_MOVE = YES;
				CLANG_WARN_UNGUARDED_AVAILABILITY = YES_AGGRESSIVE;
				CLANG_WARN_UNREACHABLE_CODE = YES;
				CLANG_WARN__DUPLICATE_METHOD_MATCH = YES;
				COPY_PHASE_STRIP = NO;
				DEBUG_INFORMATION_FORMAT = dwarf;
				ENABLE_STRICT_OBJC_MSGSEND = YES;
				ENABLE_TESTABILITY = YES;
				GCC_C_LANGUAGE_STANDARD = gnu11;
				GCC_DYNAMIC_NO_PIC = NO;
				GCC_NO_COMMON_BLOCKS = YES;
				GCC_OPTIMIZATION_LEVEL = 0;
				GCC_PREPROCESSOR_DEFINITIONS = (
					"DEBUG=1",
					"$(inherited)",
				);
				GCC_WARN_64_TO_32_BIT_CONVERSION = YES;
				GCC_WARN_ABOUT_RETURN_TYPE = YES_ERROR;
				GCC_WARN_UNDECLARED_SELECTOR = YES;
				GCC_WARN_UNINITIALIZED_AUTOS = YES_AGGRESSIVE;
				GCC_WARN_UNUSED_FUNCTION = YES;
				GCC_WARN_UNUSED_VARIABLE = YES;
				IPHONEOS_DEPLOYMENT_TARGET = 16.0;
				MTL_ENABLE_DEBUG_INFO = INCLUDE_SOURCE;
				MTL_FAST_MATH = YES;
				ONLY_ACTIVE_ARCH = YES;
				SDKROOT = iphoneos;
				SWIFT_ACTIVE_COMPILATION_CONDITIONS = DEBUG;
				SWIFT_OPTIMIZATION_LEVEL = "-Onone";
			};
			name = Debug;
		};
		43A1FB0D28EDBC7A004353F1 /* Release */ = {
			isa = XCBuildConfiguration;
			buildSettings = {
				ALWAYS_SEARCH_USER_PATHS = NO;
				CLANG_ANALYZER_NONNULL = YES;
				CLANG_ANALYZER_NUMBER_OBJECT_CONVERSION = YES_AGGRESSIVE;
				CLANG_CXX_LANGUAGE_STANDARD = "gnu++20";
				CLANG_ENABLE_MODULES = YES;
				CLANG_ENABLE_OBJC_ARC = YES;
				CLANG_ENABLE_OBJC_WEAK = YES;
				CLANG_WARN_BLOCK_CAPTURE_AUTORELEASING = YES;
				CLANG_WARN_BOOL_CONVERSION = YES;
				CLANG_WARN_COMMA = YES;
				CLANG_WARN_CONSTANT_CONVERSION = YES;
				CLANG_WARN_DEPRECATED_OBJC_IMPLEMENTATIONS = YES;
				CLANG_WARN_DIRECT_OBJC_ISA_USAGE = YES_ERROR;
				CLANG_WARN_DOCUMENTATION_COMMENTS = YES;
				CLANG_WARN_EMPTY_BODY = YES;
				CLANG_WARN_ENUM_CONVERSION = YES;
				CLANG_WARN_INFINITE_RECURSION = YES;
				CLANG_WARN_INT_CONVERSION = YES;
				CLANG_WARN_NON_LITERAL_NULL_CONVERSION = YES;
				CLANG_WARN_OBJC_IMPLICIT_RETAIN_SELF = YES;
				CLANG_WARN_OBJC_LITERAL_CONVERSION = YES;
				CLANG_WARN_OBJC_ROOT_CLASS = YES_ERROR;
				CLANG_WARN_QUOTED_INCLUDE_IN_FRAMEWORK_HEADER = YES;
				CLANG_WARN_RANGE_LOOP_ANALYSIS = YES;
				CLANG_WARN_STRICT_PROTOTYPES = YES;
				CLANG_WARN_SUSPICIOUS_MOVE = YES;
				CLANG_WARN_UNGUARDED_AVAILABILITY = YES_AGGRESSIVE;
				CLANG_WARN_UNREACHABLE_CODE = YES;
				CLANG_WARN__DUPLICATE_METHOD_MATCH = YES;
				COPY_PHASE_STRIP = NO;
				DEBUG_INFORMATION_FORMAT = "dwarf-with-dsym";
				ENABLE_NS_ASSERTIONS = NO;
				ENABLE_STRICT_OBJC_MSGSEND = YES;
				GCC_C_LANGUAGE_STANDARD = gnu11;
				GCC_NO_COMMON_BLOCKS = YES;
				GCC_WARN_64_TO_32_BIT_CONVERSION = YES;
				GCC_WARN_ABOUT_RETURN_TYPE = YES_ERROR;
				GCC_WARN_UNDECLARED_SELECTOR = YES;
				GCC_WARN_UNINITIALIZED_AUTOS = YES_AGGRESSIVE;
				GCC_WARN_UNUSED_FUNCTION = YES;
				GCC_WARN_UNUSED_VARIABLE = YES;
				IPHONEOS_DEPLOYMENT_TARGET = 16.0;
				MTL_ENABLE_DEBUG_INFO = NO;
				MTL_FAST_MATH = YES;
				SDKROOT = iphoneos;
				SWIFT_COMPILATION_MODE = wholemodule;
				SWIFT_OPTIMIZATION_LEVEL = "-O";
				VALIDATE_PRODUCT = YES;
			};
			name = Release;
		};
		43A1FB0F28EDBC7A004353F1 /* Debug */ = {
			isa = XCBuildConfiguration;
			baseConfigurationReference = B8701584DEEBEEC170FC888D /* Pods-NYCSchool.debug.xcconfig */;
			buildSettings = {
				ASSETCATALOG_COMPILER_APPICON_NAME = AppIcon;
				ASSETCATALOG_COMPILER_GLOBAL_ACCENT_COLOR_NAME = AccentColor;
				CODE_SIGN_STYLE = Automatic;
				CURRENT_PROJECT_VERSION = 1;
				DEVELOPMENT_TEAM = 72D493546K;
				GENERATE_INFOPLIST_FILE = YES;
				INFOPLIST_FILE = NYCSchool/Info.plist;
				INFOPLIST_KEY_UIApplicationSupportsIndirectInputEvents = YES;
				INFOPLIST_KEY_UILaunchStoryboardName = LaunchScreen;
				INFOPLIST_KEY_UIMainStoryboardFile = Main;
				INFOPLIST_KEY_UISupportedInterfaceOrientations_iPad = "UIInterfaceOrientationPortrait UIInterfaceOrientationPortraitUpsideDown UIInterfaceOrientationLandscapeLeft UIInterfaceOrientationLandscapeRight";
				INFOPLIST_KEY_UISupportedInterfaceOrientations_iPhone = "UIInterfaceOrientationPortrait UIInterfaceOrientationLandscapeLeft UIInterfaceOrientationLandscapeRight";
				LD_RUNPATH_SEARCH_PATHS = (
					"$(inherited)",
					"@executable_path/Frameworks",
				);
				MARKETING_VERSION = 1.0;
				PRODUCT_BUNDLE_IDENTIFIER = com.pyrolas.NYCSchool;
				PRODUCT_NAME = "$(TARGET_NAME)";
				SWIFT_EMIT_LOC_STRINGS = YES;
				SWIFT_VERSION = 5.0;
				TARGETED_DEVICE_FAMILY = "1,2";
			};
			name = Debug;
		};
		43A1FB1028EDBC7A004353F1 /* Release */ = {
			isa = XCBuildConfiguration;
			baseConfigurationReference = C92AC1CA0BE2AD24F6011B45 /* Pods-NYCSchool.release.xcconfig */;
			buildSettings = {
				ASSETCATALOG_COMPILER_APPICON_NAME = AppIcon;
				ASSETCATALOG_COMPILER_GLOBAL_ACCENT_COLOR_NAME = AccentColor;
				CODE_SIGN_STYLE = Automatic;
				CURRENT_PROJECT_VERSION = 1;
				DEVELOPMENT_TEAM = 72D493546K;
				GENERATE_INFOPLIST_FILE = YES;
				INFOPLIST_FILE = NYCSchool/Info.plist;
				INFOPLIST_KEY_UIApplicationSupportsIndirectInputEvents = YES;
				INFOPLIST_KEY_UILaunchStoryboardName = LaunchScreen;
				INFOPLIST_KEY_UIMainStoryboardFile = Main;
				INFOPLIST_KEY_UISupportedInterfaceOrientations_iPad = "UIInterfaceOrientationPortrait UIInterfaceOrientationPortraitUpsideDown UIInterfaceOrientationLandscapeLeft UIInterfaceOrientationLandscapeRight";
				INFOPLIST_KEY_UISupportedInterfaceOrientations_iPhone = "UIInterfaceOrientationPortrait UIInterfaceOrientationLandscapeLeft UIInterfaceOrientationLandscapeRight";
				LD_RUNPATH_SEARCH_PATHS = (
					"$(inherited)",
					"@executable_path/Frameworks",
				);
				MARKETING_VERSION = 1.0;
				PRODUCT_BUNDLE_IDENTIFIER = com.pyrolas.NYCSchool;
				PRODUCT_NAME = "$(TARGET_NAME)";
				SWIFT_EMIT_LOC_STRINGS = YES;
				SWIFT_VERSION = 5.0;
				TARGETED_DEVICE_FAMILY = "1,2";
			};
			name = Release;
		};
		43A1FB1228EDBC7A004353F1 /* Debug */ = {
			isa = XCBuildConfiguration;
			baseConfigurationReference = 22EB2A405DE169AE5A74B735 /* Pods-NYCSchoolTests.debug.xcconfig */;
			buildSettings = {
				ALWAYS_EMBED_SWIFT_STANDARD_LIBRARIES = YES;
				BUNDLE_LOADER = "$(TEST_HOST)";
				CODE_SIGN_STYLE = Automatic;
				CURRENT_PROJECT_VERSION = 1;
				DEVELOPMENT_TEAM = 72D493546K;
				GENERATE_INFOPLIST_FILE = YES;
				IPHONEOS_DEPLOYMENT_TARGET = 16.0;
				MARKETING_VERSION = 1.0;
				PRODUCT_BUNDLE_IDENTIFIER = com.pyrolas.NYCSchoolTests;
				PRODUCT_NAME = "$(TARGET_NAME)";
				SWIFT_EMIT_LOC_STRINGS = NO;
				SWIFT_VERSION = 5.0;
				TARGETED_DEVICE_FAMILY = "1,2";
				TEST_HOST = "$(BUILT_PRODUCTS_DIR)/NYCSchool.app/$(BUNDLE_EXECUTABLE_FOLDER_PATH)/NYCSchool";
			};
			name = Debug;
		};
		43A1FB1328EDBC7A004353F1 /* Release */ = {
			isa = XCBuildConfiguration;
			baseConfigurationReference = 42D2FF32DD03FFE4F3612744 /* Pods-NYCSchoolTests.release.xcconfig */;
			buildSettings = {
				ALWAYS_EMBED_SWIFT_STANDARD_LIBRARIES = YES;
				BUNDLE_LOADER = "$(TEST_HOST)";
				CODE_SIGN_STYLE = Automatic;
				CURRENT_PROJECT_VERSION = 1;
				DEVELOPMENT_TEAM = 72D493546K;
				GENERATE_INFOPLIST_FILE = YES;
				IPHONEOS_DEPLOYMENT_TARGET = 16.0;
				MARKETING_VERSION = 1.0;
				PRODUCT_BUNDLE_IDENTIFIER = com.pyrolas.NYCSchoolTests;
				PRODUCT_NAME = "$(TARGET_NAME)";
				SWIFT_EMIT_LOC_STRINGS = NO;
				SWIFT_VERSION = 5.0;
				TARGETED_DEVICE_FAMILY = "1,2";
				TEST_HOST = "$(BUILT_PRODUCTS_DIR)/NYCSchool.app/$(BUNDLE_EXECUTABLE_FOLDER_PATH)/NYCSchool";
			};
			name = Release;
		};
		43A1FB1528EDBC7A004353F1 /* Debug */ = {
			isa = XCBuildConfiguration;
			baseConfigurationReference = 9B1CC2DDF87B5C3501838024 /* Pods-NYCSchool-NYCSchoolUITests.debug.xcconfig */;
			buildSettings = {
				ALWAYS_EMBED_SWIFT_STANDARD_LIBRARIES = YES;
				CODE_SIGN_STYLE = Automatic;
				CURRENT_PROJECT_VERSION = 1;
				DEVELOPMENT_TEAM = 72D493546K;
				GENERATE_INFOPLIST_FILE = YES;
				MARKETING_VERSION = 1.0;
				PRODUCT_BUNDLE_IDENTIFIER = com.pyrolas.NYCSchoolUITests;
				PRODUCT_NAME = "$(TARGET_NAME)";
				SWIFT_EMIT_LOC_STRINGS = NO;
				SWIFT_VERSION = 5.0;
				TARGETED_DEVICE_FAMILY = "1,2";
				TEST_TARGET_NAME = NYCSchool;
			};
			name = Debug;
		};
		43A1FB1628EDBC7A004353F1 /* Release */ = {
			isa = XCBuildConfiguration;
			baseConfigurationReference = 93FA0D4A33AFCDC75C99EDA7 /* Pods-NYCSchool-NYCSchoolUITests.release.xcconfig */;
			buildSettings = {
				ALWAYS_EMBED_SWIFT_STANDARD_LIBRARIES = YES;
				CODE_SIGN_STYLE = Automatic;
				CURRENT_PROJECT_VERSION = 1;
				DEVELOPMENT_TEAM = 72D493546K;
				GENERATE_INFOPLIST_FILE = YES;
				MARKETING_VERSION = 1.0;
				PRODUCT_BUNDLE_IDENTIFIER = com.pyrolas.NYCSchoolUITests;
				PRODUCT_NAME = "$(TARGET_NAME)";
				SWIFT_EMIT_LOC_STRINGS = NO;
				SWIFT_VERSION = 5.0;
				TARGETED_DEVICE_FAMILY = "1,2";
				TEST_TARGET_NAME = NYCSchool;
			};
			name = Release;
		};
/* End XCBuildConfiguration section */

/* Begin XCConfigurationList section */
		43A1FADF28EDBC77004353F1 /* Build configuration list for PBXProject "NYCSchool" */ = {
			isa = XCConfigurationList;
			buildConfigurations = (
				43A1FB0C28EDBC7A004353F1 /* Debug */,
				43A1FB0D28EDBC7A004353F1 /* Release */,
			);
			defaultConfigurationIsVisible = 0;
			defaultConfigurationName = Release;
		};
		43A1FB0E28EDBC7A004353F1 /* Build configuration list for PBXNativeTarget "NYCSchool" */ = {
			isa = XCConfigurationList;
			buildConfigurations = (
				43A1FB0F28EDBC7A004353F1 /* Debug */,
				43A1FB1028EDBC7A004353F1 /* Release */,
			);
			defaultConfigurationIsVisible = 0;
			defaultConfigurationName = Release;
		};
		43A1FB1128EDBC7A004353F1 /* Build configuration list for PBXNativeTarget "NYCSchoolTests" */ = {
			isa = XCConfigurationList;
			buildConfigurations = (
				43A1FB1228EDBC7A004353F1 /* Debug */,
				43A1FB1328EDBC7A004353F1 /* Release */,
			);
			defaultConfigurationIsVisible = 0;
			defaultConfigurationName = Release;
		};
		43A1FB1428EDBC7A004353F1 /* Build configuration list for PBXNativeTarget "NYCSchoolUITests" */ = {
			isa = XCConfigurationList;
			buildConfigurations = (
				43A1FB1528EDBC7A004353F1 /* Debug */,
				43A1FB1628EDBC7A004353F1 /* Release */,
			);
			defaultConfigurationIsVisible = 0;
			defaultConfigurationName = Release;
		};
/* End XCConfigurationList section */
	};
	rootObject = 43A1FADC28EDBC77004353F1 /* Project object */;
}
